<?xml version="1.0" encoding="utf-8"?>
<Project ToolsVersion="4.0" xmlns="http://schemas.microsoft.com/developer/msbuild/2003">
  <ItemGroup>
    <Filter Include="bits">
      <UniqueIdentifier>{281a44f3-68b7-49fc-a56d-ff268652e06d}</UniqueIdentifier>
    </Filter>
    <Filter Include="header">
      <UniqueIdentifier>{68df8418-9947-4a4e-bdd7-8f809bed4322}</UniqueIdentifier>
    </Filter>
    <Filter Include="ProgrammersAlgorithms">
      <UniqueIdentifier>{01d3f88a-2c03-4d3d-8c01-0330b6d9e8b4}</UniqueIdentifier>
    </Filter>
    <Filter Include="ProgrammersAlgorithms\Lv0">
      <UniqueIdentifier>{3d728f2e-725b-49a2-aaa2-d4ca188bc8e0}</UniqueIdentifier>
    </Filter>
    <Filter Include="ProgrammersAlgorithms\Lv1">
      <UniqueIdentifier>{c75eb87f-9dcd-4cc8-9a47-3c996c132718}</UniqueIdentifier>
    </Filter>
    <Filter Include="ProgrammersAlgorithms\Lv2">
      <UniqueIdentifier>{38939aa0-51f5-4fe2-9820-027624c87057}</UniqueIdentifier>
    </Filter>
  </ItemGroup>
  <ItemGroup>
    <ClInclude Include="bits\stdc++.h">
      <Filter>bits</Filter>
    </ClInclude>
    <ClInclude Include="header\pch.h">
      <Filter>header</Filter>
    </ClInclude>
  </ItemGroup>
  <ItemGroup>
    <ClCompile Include="ProgrammersAlgorithms\1. 문자열의 뒤의 n글자.cpp">
      <Filter>ProgrammersAlgorithms\Lv0</Filter>
    </ClCompile>
    <ClCompile Include="ProgrammersAlgorithms\2. 글자 이어 붙여 문자열 만들기.cpp">
      <Filter>ProgrammersAlgorithms\Lv0</Filter>
    </ClCompile>
    <ClCompile Include="ProgrammersAlgorithms\3. 카운트 업.cpp">
      <Filter>ProgrammersAlgorithms\Lv0</Filter>
    </ClCompile>
    <ClCompile Include="ProgrammersAlgorithms\4. 수 조작하기 1.cpp">
      <Filter>ProgrammersAlgorithms\Lv0</Filter>
    </ClCompile>
    <ClCompile Include="ProgrammersAlgorithms\5. 마지막 두 원소.cpp">
      <Filter>ProgrammersAlgorithms\Lv0</Filter>
    </ClCompile>
    <ClCompile Include="ProgrammersAlgorithms\6. 이어 붙인 수.cpp">
      <Filter>ProgrammersAlgorithms\Lv0</Filter>
    </ClCompile>
    <ClCompile Include="ProgrammersAlgorithms\7. 원소들의 곱과 합.cpp">
      <Filter>ProgrammersAlgorithms\Lv0</Filter>
    </ClCompile>
    <ClCompile Include="ProgrammersAlgorithms\8. flag에 따라 다른 값 반환하기.cpp">
      <Filter>ProgrammersAlgorithms\Lv0</Filter>
    </ClCompile>
    <ClCompile Include="ProgrammersAlgorithms\9. 가장 많이 받은 선물.cpp">
      <Filter>ProgrammersAlgorithms\Lv1</Filter>
    </ClCompile>
    <ClCompile Include="ProgrammersAlgorithms\10. 홀짝에 따라 다른 값 반환하기.cpp">
      <Filter>ProgrammersAlgorithms\Lv0</Filter>
    </ClCompile>
    <ClCompile Include="ProgrammersAlgorithms\11. [PCCP 기출문제] 1번 - 붕대 감기.cpp">
      <Filter>ProgrammersAlgorithms\Lv1</Filter>
    </ClCompile>
    <ClCompile Include="ProgrammersAlgorithms\12. 공배수.cpp">
      <Filter>ProgrammersAlgorithms\Lv0</Filter>
    </ClCompile>
    <ClCompile Include="ProgrammersAlgorithms\13. n의 배수.cpp">
      <Filter>ProgrammersAlgorithms\Lv0</Filter>
    </ClCompile>
    <ClCompile Include="ProgrammersAlgorithms\14. 추억 점수.cpp">
      <Filter>ProgrammersAlgorithms\Lv1</Filter>
    </ClCompile>
    <ClCompile Include="ProgrammersAlgorithms\15. [PCCE 기출문제] 9번 - 이웃한 칸.cpp">
      <Filter>ProgrammersAlgorithms\Lv1</Filter>
    </ClCompile>
    <ClCompile Include="ProgrammersAlgorithms\16. 두 수의 연산값 비교하기.cpp">
      <Filter>ProgrammersAlgorithms\Lv0</Filter>
    </ClCompile>
    <ClCompile Include="ProgrammersAlgorithms\17. 더 크게 합치기.cpp">
      <Filter>ProgrammersAlgorithms\Lv0</Filter>
    </ClCompile>
    <ClCompile Include="ProgrammersAlgorithms\18. 덧칠하기.cpp">
      <Filter>ProgrammersAlgorithms\Lv1</Filter>
    </ClCompile>
    <ClCompile Include="ProgrammersAlgorithms\19. 달리기 경주.cpp">
      <Filter>ProgrammersAlgorithms\Lv1</Filter>
    </ClCompile>
    <ClCompile Include="ProgrammersAlgorithms\20. [PCCE 기출문제] 1번 - 출력.cpp">
      <Filter>ProgrammersAlgorithms\Lv0</Filter>
    </ClCompile>
    <ClCompile Include="ProgrammersAlgorithms\21. [PCCE 기출문제] 2번 - 피타고라스의 정리.cpp">
      <Filter>ProgrammersAlgorithms\Lv0</Filter>
    </ClCompile>
    <ClCompile Include="ProgrammersAlgorithms\22. 도넛과 막대 그래프.cpp">
      <Filter>ProgrammersAlgorithms\Lv2</Filter>
    </ClCompile>
  </ItemGroup>
</Project>